// !$*UTF8*$!
{
	archiveVersion = 1;
	classes = {
	};
	objectVersion = 50;
	objects = {

/* Begin PBXBuildFile section */
		D02A9366215436FD002E0762 /* TaskDetailViewController.swift in Sources */ = {isa = PBXBuildFile; fileRef = D02A9365215436FD002E0762 /* TaskDetailViewController.swift */; };
		D02A93682154396C002E0762 /* TaskDetailViewDelegate.swift in Sources */ = {isa = PBXBuildFile; fileRef = D02A93672154396C002E0762 /* TaskDetailViewDelegate.swift */; };
		D054F12721533115007C885F /* AppDelegate.swift in Sources */ = {isa = PBXBuildFile; fileRef = D054F12621533115007C885F /* AppDelegate.swift */; };
		D054F12C21533115007C885F /* Main.storyboard in Resources */ = {isa = PBXBuildFile; fileRef = D054F12A21533115007C885F /* Main.storyboard */; };
		D054F12F21533115007C885F /* ToDoList_NewFeatures3.xcdatamodeld in Sources */ = {isa = PBXBuildFile; fileRef = D054F12D21533115007C885F /* ToDoList_NewFeatures3.xcdatamodeld */; };
		D054F13121533116007C885F /* Assets.xcassets in Resources */ = {isa = PBXBuildFile; fileRef = D054F13021533116007C885F /* Assets.xcassets */; };
		D054F13421533116007C885F /* LaunchScreen.storyboard in Resources */ = {isa = PBXBuildFile; fileRef = D054F13221533116007C885F /* LaunchScreen.storyboard */; };
		D054F13C215331A7007C885F /* MainTableViewController.swift in Sources */ = {isa = PBXBuildFile; fileRef = D054F13B215331A7007C885F /* MainTableViewController.swift */; };
		D054F13E21533250007C885F /* TaskCell.swift in Sources */ = {isa = PBXBuildFile; fileRef = D054F13D21533250007C885F /* TaskCell.swift */; };
		D054F14021533585007C885F /* AddTaskViewDelegate.swift in Sources */ = {isa = PBXBuildFile; fileRef = D054F13F21533585007C885F /* AddTaskViewDelegate.swift */; };
		D054F142215337A1007C885F /* AddTaskViewController.swift in Sources */ = {isa = PBXBuildFile; fileRef = D054F141215337A1007C885F /* AddTaskViewController.swift */; };
/* End PBXBuildFile section */

/* Begin PBXFileReference section */
		D02A9365215436FD002E0762 /* TaskDetailViewController.swift */ = {isa = PBXFileReference; lastKnownFileType = sourcecode.swift; path = TaskDetailViewController.swift; sourceTree = "<group>"; };
		D02A93672154396C002E0762 /* TaskDetailViewDelegate.swift */ = {isa = PBXFileReference; lastKnownFileType = sourcecode.swift; path = TaskDetailViewDelegate.swift; sourceTree = "<group>"; };
		D054F12321533115007C885F /* ToDoList_NewFeatures3.app */ = {isa = PBXFileReference; explicitFileType = wrapper.application; includeInIndex = 0; path = ToDoList_NewFeatures3.app; sourceTree = BUILT_PRODUCTS_DIR; };
		D054F12621533115007C885F /* AppDelegate.swift */ = {isa = PBXFileReference; lastKnownFileType = sourcecode.swift; path = AppDelegate.swift; sourceTree = "<group>"; };
		D054F12B21533115007C885F /* Base */ = {isa = PBXFileReference; lastKnownFileType = file.storyboard; name = Base; path = Base.lproj/Main.storyboard; sourceTree = "<group>"; };
		D054F12E21533115007C885F /* ToDoList_NewFeatures3.xcdatamodel */ = {isa = PBXFileReference; lastKnownFileType = wrapper.xcdatamodel; path = ToDoList_NewFeatures3.xcdatamodel; sourceTree = "<group>"; };
		D054F13021533116007C885F /* Assets.xcassets */ = {isa = PBXFileReference; lastKnownFileType = folder.assetcatalog; path = Assets.xcassets; sourceTree = "<group>"; };
		D054F13321533116007C885F /* Base */ = {isa = PBXFileReference; lastKnownFileType = file.storyboard; name = Base; path = Base.lproj/LaunchScreen.storyboard; sourceTree = "<group>"; };
		D054F13521533116007C885F /* Info.plist */ = {isa = PBXFileReference; lastKnownFileType = text.plist.xml; path = Info.plist; sourceTree = "<group>"; };
		D054F13B215331A7007C885F /* MainTableViewController.swift */ = {isa = PBXFileReference; lastKnownFileType = sourcecode.swift; path = MainTableViewController.swift; sourceTree = "<group>"; };
		D054F13D21533250007C885F /* TaskCell.swift */ = {isa = PBXFileReference; lastKnownFileType = sourcecode.swift; path = TaskCell.swift; sourceTree = "<group>"; };
		D054F13F21533585007C885F /* AddTaskViewDelegate.swift */ = {isa = PBXFileReference; lastKnownFileType = sourcecode.swift; path = AddTaskViewDelegate.swift; sourceTree = "<group>"; };
		D054F141215337A1007C885F /* AddTaskViewController.swift */ = {isa = PBXFileReference; lastKnownFileType = sourcecode.swift; path = AddTaskViewController.swift; sourceTree = "<group>"; };
/* End PBXFileReference section */

/* Begin PBXFrameworksBuildPhase section */
		D054F12021533115007C885F /* Frameworks */ = {
			isa = PBXFrameworksBuildPhase;
			buildActionMask = 2147483647;
			files = (
			);
			runOnlyForDeploymentPostprocessing = 0;
		};
/* End PBXFrameworksBuildPhase section */

/* Begin PBXGroup section */
		D054F11A21533115007C885F = {
			isa = PBXGroup;
			children = (
				D054F12521533115007C885F /* ToDoList_NewFeatures3 */,
				D054F12421533115007C885F /* Products */,
			);
			sourceTree = "<group>";
		};
		D054F12421533115007C885F /* Products */ = {
			isa = PBXGroup;
			children = (
				D054F12321533115007C885F /* ToDoList_NewFeatures3.app */,
			);
			name = Products;
			sourceTree = "<group>";
		};
		D054F12521533115007C885F /* ToDoList_NewFeatures3 */ = {
			isa = PBXGroup;
			children = (
				D054F12A21533115007C885F /* Main.storyboard */,
				D02A9365215436FD002E0762 /* TaskDetailViewController.swift */,
				D02A93672154396C002E0762 /* TaskDetailViewDelegate.swift */,
				D054F12621533115007C885F /* AppDelegate.swift */,
				D054F13F21533585007C885F /* AddTaskViewDelegate.swift */,
				D054F13B215331A7007C885F /* MainTableViewController.swift */,
				D054F13D21533250007C885F /* TaskCell.swift */,
				D054F141215337A1007C885F /* AddTaskViewController.swift */,
				D054F13021533116007C885F /* Assets.xcassets */,
				D054F13221533116007C885F /* LaunchScreen.storyboard */,
				D054F13521533116007C885F /* Info.plist */,
				D054F12D21533115007C885F /* ToDoList_NewFeatures3.xcdatamodeld */,
			);
			path = ToDoList_NewFeatures3;
			sourceTree = "<group>";
		};
/* End PBXGroup section */

/* Begin PBXNativeTarget section */
		D054F12221533115007C885F /* ToDoList_NewFeatures3 */ = {
			isa = PBXNativeTarget;
			buildConfigurationList = D054F13821533116007C885F /* Build configuration list for PBXNativeTarget "ToDoList_NewFeatures3" */;
			buildPhases = (
				D054F11F21533115007C885F /* Sources */,
				D054F12021533115007C885F /* Frameworks */,
				D054F12121533115007C885F /* Resources */,
			);
			buildRules = (
			);
			dependencies = (
			);
			name = ToDoList_NewFeatures3;
			productName = ToDoList_NewFeatures3;
			productReference = D054F12321533115007C885F /* ToDoList_NewFeatures3.app */;
			productType = "com.apple.product-type.application";
		};
/* End PBXNativeTarget section */

/* Begin PBXProject section */
		D054F11B21533115007C885F /* Project object */ = {
			isa = PBXProject;
			attributes = {
				LastSwiftUpdateCheck = 0940;
				LastUpgradeCheck = 0940;
				ORGANIZATIONNAME = "Amanda Demetrio";
				TargetAttributes = {
					D054F12221533115007C885F = {
						CreatedOnToolsVersion = 9.4.1;
					};
				};
			};
			buildConfigurationList = D054F11E21533115007C885F /* Build configuration list for PBXProject "ToDoList_NewFeatures3" */;
			compatibilityVersion = "Xcode 9.3";
			developmentRegion = en;
			hasScannedForEncodings = 0;
			knownRegions = (
				en,
				Base,
			);
			mainGroup = D054F11A21533115007C885F;
			productRefGroup = D054F12421533115007C885F /* Products */;
			projectDirPath = "";
			projectRoot = "";
			targets = (
				D054F12221533115007C885F /* ToDoList_NewFeatures3 */,
			);
		};
/* End PBXProject section */

/* Begin PBXResourcesBuildPhase section */
		D054F12121533115007C885F /* Resources */ = {
			isa = PBXResourcesBuildPhase;
			buildActionMask = 2147483647;
			files = (
				D054F13421533116007C885F /* LaunchScreen.storyboard in Resources */,
				D054F13121533116007C885F /* Assets.xcassets in Resources */,
				D054F12C21533115007C885F /* Main.storyboard in Resources */,
			);
			runOnlyForDeploymentPostprocessing = 0;
		};
/* End PBXResourcesBuildPhase section */

/* Begin PBXSourcesBuildPhase section */
		D054F11F21533115007C885F /* Sources */ = {
			isa = PBXSourcesBuildPhase;
			buildActionMask = 2147483647;
			files = (
				D02A9366215436FD002E0762 /* TaskDetailViewController.swift in Sources */,
				D054F14021533585007C885F /* AddTaskViewDelegate.swift in Sources */,
				D054F142215337A1007C885F /* AddTaskViewController.swift in Sources */,
				D02A93682154396C002E0762 /* TaskDetailViewDelegate.swift in Sources */,
				D054F13E21533250007C885F /* TaskCell.swift in Sources */,
				D054F12F21533115007C885F /* ToDoList_NewFeatures3.xcdatamodeld in Sources */,
				D054F13C215331A7007C885F /* MainTableViewController.swift in Sources */,
				D054F12721533115007C885F /* AppDelegate.swift in Sources */,
			);
			runOnlyForDeploymentPostprocessing = 0;
		};
/* End PBXSourcesBuildPhase section */

/* Begin PBXVariantGroup section */
		D054F12A21533115007C885F /* Main.storyboard */ = {
			isa = PBXVariantGroup;
			children = (
				D054F12B21533115007C885F /* Base */,
			);
			name = Main.storyboard;
			sourceTree = "<group>";
		};
		D054F13221533116007C885F /* LaunchScreen.storyboard */ = {
			isa = PBXVariantGroup;
			children = (
				D054F13321533116007C885F /* Base */,
			);
			name = LaunchScreen.storyboard;
			sourceTree = "<group>";
		};
/* End PBXVariantGroup section */

/* Begin XCBuildConfiguration section */
		D054F13621533116007C885F /* Debug */ = {
			isa = XCBuildConfiguration;
			buildSettings = {
				ALWAYS_SEARCH_USER_PATHS = NO;
				CLANG_ANALYZER_NONNULL = YES;
				CLANG_ANALYZER_NUMBER_OBJECT_CONVERSION = YES_AGGRESSIVE;
				CLANG_CXX_LANGUAGE_STANDARD = "gnu++14";
				CLANG_CXX_LIBRARY = "libc++";
				CLANG_ENABLE_MODULES = YES;
				CLANG_ENABLE_OBJC_ARC = YES;
				CLANG_ENABLE_OBJC_WEAK = YES;
				CLANG_WARN_BLOCK_CAPTURE_AUTORELEASING = YES;
				CLANG_WARN_BOOL_CONVERSION = YES;
				CLANG_WARN_COMMA = YES;
				CLANG_WARN_CONSTANT_CONVERSION = YES;
				CLANG_WARN_DEPRECATED_OBJC_IMPLEMENTATIONS = YES;
				CLANG_WARN_DIRECT_OBJC_ISA_USAGE = YES_ERROR;
				CLANG_WARN_DOCUMENTATION_COMMENTS = YES;
				CLANG_WARN_EMPTY_BODY = YES;
				CLANG_WARN_ENUM_CONVERSION = YES;
				CLANG_WARN_INFINITE_RECURSION = YES;
				CLANG_WARN_INT_CONVERSION = YES;
				CLANG_WARN_NON_LITERAL_NULL_CONVERSION = YES;
				CLANG_WARN_OBJC_IMPLICIT_RETAIN_SELF = YES;
				CLANG_WARN_OBJC_LITERAL_CONVERSION = YES;
				CLANG_WARN_OBJC_ROOT_CLASS = YES_ERROR;
				CLANG_WARN_RANGE_LOOP_ANALYSIS = YES;
				CLANG_WARN_STRICT_PROTOTYPES = YES;
				CLANG_WARN_SUSPICIOUS_MOVE = YES;
				CLANG_WARN_UNGUARDED_AVAILABILITY = YES_AGGRESSIVE;
				CLANG_WARN_UNREACHABLE_CODE = YES;
				CLANG_WARN__DUPLICATE_METHOD_MATCH = YES;
				CODE_SIGN_IDENTITY = "iPhone Developer";
				COPY_PHASE_STRIP = NO;
				DEBUG_INFORMATION_FORMAT = dwarf;
				ENABLE_STRICT_OBJC_MSGSEND = YES;
				ENABLE_TESTABILITY = YES;
				GCC_C_LANGUAGE_STANDARD = gnu11;
				GCC_DYNAMIC_NO_PIC = NO;
				GCC_NO_COMMON_BLOCKS = YES;
				GCC_OPTIMIZATION_LEVEL = 0;
				GCC_PREPROCESSOR_DEFINITIONS = (
					"DEBUG=1",
					"$(inherited)",
				);
				GCC_WARN_64_TO_32_BIT_CONVERSION = YES;
				GCC_WARN_ABOUT_RETURN_TYPE = YES_ERROR;
				GCC_WARN_UNDECLARED_SELECTOR = YES;
				GCC_WARN_UNINITIALIZED_AUTOS = YES_AGGRESSIVE;
				GCC_WARN_UNUSED_FUNCTION = YES;
				GCC_WARN_UNUSED_VARIABLE = YES;
				IPHONEOS_DEPLOYMENT_TARGET = 11.4;
				MTL_ENABLE_DEBUG_INFO = YES;
				ONLY_ACTIVE_ARCH = YES;
				SDKROOT = iphoneos;
				SWIFT_ACTIVE_COMPILATION_CONDITIONS = DEBUG;
				SWIFT_OPTIMIZATION_LEVEL = "-Onone";
			};
			name = Debug;
		};
		D054F13721533116007C885F /* Release */ = {
			isa = XCBuildConfiguration;
			buildSettings = {
				ALWAYS_SEARCH_USER_PATHS = NO;
				CLANG_ANALYZER_NONNULL = YES;
				CLANG_ANALYZER_NUMBER_OBJECT_CONVERSION = YES_AGGRESSIVE;
				CLANG_CXX_LANGUAGE_STANDARD = "gnu++14";
				CLANG_CXX_LIBRARY = "libc++";
				CLANG_ENABLE_MODULES = YES;
				CLANG_ENABLE_OBJC_ARC = YES;
				CLANG_ENABLE_OBJC_WEAK = YES;
				CLANG_WARN_BLOCK_CAPTURE_AUTORELEASING = YES;
				CLANG_WARN_BOOL_CONVERSION = YES;
				CLANG_WARN_COMMA = YES;
				CLANG_WARN_CONSTANT_CONVERSION = YES;
				CLANG_WARN_DEPRECATED_OBJC_IMPLEMENTATIONS = YES;
				CLANG_WARN_DIRECT_OBJC_ISA_USAGE = YES_ERROR;
				CLANG_WARN_DOCUMENTATION_COMMENTS = YES;
				CLANG_WARN_EMPTY_BODY = YES;
				CLANG_WARN_ENUM_CONVERSION = YES;
				CLANG_WARN_INFINITE_RECURSION = YES;
				CLANG_WARN_INT_CONVERSION = YES;
				CLANG_WARN_NON_LITERAL_NULL_CONVERSION = YES;
				CLANG_WARN_OBJC_IMPLICIT_RETAIN_SELF = YES;
				CLANG_WARN_OBJC_LITERAL_CONVERSION = YES;
				CLANG_WARN_OBJC_ROOT_CLASS = YES_ERROR;
				CLANG_WARN_RANGE_LOOP_ANALYSIS = YES;
				CLANG_WARN_STRICT_PROTOTYPES = YES;
				CLANG_WARN_SUSPICIOUS_MOVE = YES;
				CLANG_WARN_UNGUARDED_AVAILABILITY = YES_AGGRESSIVE;
				CLANG_WARN_UNREACHABLE_CODE = YES;
				CLANG_WARN__DUPLICATE_METHOD_MATCH = YES;
				CODE_SIGN_IDENTITY = "iPhone Developer";
				COPY_PHASE_STRIP = NO;
				DEBUG_INFORMATION_FORMAT = "dwarf-with-dsym";
				ENABLE_NS_ASSERTIONS = NO;
				ENABLE_STRICT_OBJC_MSGSEND = YES;
				GCC_C_LANGUAGE_STANDARD = gnu11;
				GCC_NO_COMMON_BLOCKS = YES;
				GCC_WARN_64_TO_32_BIT_CONVERSION = YES;
				GCC_WARN_ABOUT_RETURN_TYPE = YES_ERROR;
				GCC_WARN_UNDECLARED_SELECTOR = YES;
				GCC_WARN_UNINITIALIZED_AUTOS = YES_AGGRESSIVE;
				GCC_WARN_UNUSED_FUNCTION = YES;
				GCC_WARN_UNUSED_VARIABLE = YES;
				IPHONEOS_DEPLOYMENT_TARGET = 11.4;
				MTL_ENABLE_DEBUG_INFO = NO;
				SDKROOT = iphoneos;
				SWIFT_COMPILATION_MODE = wholemodule;
				SWIFT_OPTIMIZATION_LEVEL = "-O";
				VALIDATE_PRODUCT = YES;
			};
			name = Release;
		};
		D054F13921533116007C885F /* Debug */ = {
			isa = XCBuildConfiguration;
			buildSettings = {
				ASSETCATALOG_COMPILER_APPICON_NAME = AppIcon;
				CODE_SIGN_STYLE = Automatic;
				DEVELOPMENT_TEAM = Y3JS8H9524;
				INFOPLIST_FILE = ToDoList_NewFeatures3/Info.plist;
				LD_RUNPATH_SEARCH_PATHS = (
					"$(inherited)",
					"@executable_path/Frameworks",
				);
				PRODUCT_BUNDLE_IDENTIFIER = "com.amandademetrio.ToDoList-NewFeatures3";
				PRODUCT_NAME = "$(TARGET_NAME)";
				SWIFT_VERSION = 4.0;
				TARGETED_DEVICE_FAMILY = "1,2";
			};
			name = Debug;
		};
		D054F13A21533116007C885F /* Release */ = {
			isa = XCBuildConfiguration;
			buildSettings = {
				ASSETCATALOG_COMPILER_APPICON_NAME = AppIcon;
				CODE_SIGN_STYLE = Automatic;
				DEVELOPMENT_TEAM = Y3JS8H9524;
				INFOPLIST_FILE = ToDoList_NewFeatures3/Info.plist;
				LD_RUNPATH_SEARCH_PATHS = (
					"$(inherited)",
					"@executable_path/Frameworks",
				);
				PRODUCT_BUNDLE_IDENTIFIER = "com.amandademetrio.ToDoList-NewFeatures3";
				PRODUCT_NAME = "$(TARGET_NAME)";
				SWIFT_VERSION = 4.0;
				TARGETED_DEVICE_FAMILY = "1,2";
			};
			name = Release;
		};
/* End XCBuildConfiguration section */

/* Begin XCConfigurationList section */
		D054F11E21533115007C885F /* Build configuration list for PBXProject "ToDoList_NewFeatures3" */ = {
			isa = XCConfigurationList;
			buildConfigurations = (
				D054F13621533116007C885F /* Debug */,
				D054F13721533116007C885F /* Release */,
			);
			defaultConfigurationIsVisible = 0;
			defaultConfigurationName = Release;
		};
		D054F13821533116007C885F /* Build configuration list for PBXNativeTarget "ToDoList_NewFeatures3" */ = {
			isa = XCConfigurationList;
			buildConfigurations = (
				D054F13921533116007C885F /* Debug */,
				D054F13A21533116007C885F /* Release */,
			);
			defaultConfigurationIsVisible = 0;
			defaultConfigurationName = Release;
		};
/* End XCConfigurationList section */

/* Begin XCVersionGroup section */
		D054F12D21533115007C885F /* ToDoList_NewFeatures3.xcdatamodeld */ = {
			isa = XCVersionGroup;
			children = (
				D054F12E21533115007C885F /* ToDoList_NewFeatures3.xcdatamodel */,
			);
			currentVersion = D054F12E21533115007C885F /* ToDoList_NewFeatures3.xcdatamodel */;
			path = ToDoList_NewFeatures3.xcdatamodeld;
			sourceTree = "<group>";
			versionGroupType = wrapper.xcdatamodel;
		};
/* End XCVersionGroup section */
	};
	rootObject = D054F11B21533115007C885F /* Project object */;
}
